
Microsoft Visual Studio Solution File, Format Version 12.00
# Visual Studio Version 17
VisualStudioVersion = 17.4.33205.214
MinimumVisualStudioVersion = 10.0.40219.1
Project("{FAE04EC0-301F-11D3-BF4B-00C04F79EFBC}") = "RuleAPP", "RuleAPP\RuleAPP.csproj", "{B91397E0-DC32-4F79-BFB5-EFD884933CA4}"
EndProject
Global
	GlobalSection(SolutionConfigurationPlatforms) = preSolution
		Debug|Any CPU = Debug|Any CPU
		Release|Any CPU = Release|Any CPU
	EndGlobalSection
	GlobalSection(ProjectConfigurationPlatforms) = postSolution
		{B91397E0-DC32-4F79-BFB5-EFD884933CA4}.Debug|Any CPU.ActiveCfg = Debug|Any CPU
		{B91397E0-DC32-4F79-BFB5-EFD884933CA4}.Debug|Any CPU.Build.0 = Debug|Any CPU
		{B91397E0-DC32-4F79-BFB5-EFD884933CA4}.Release|Any CPU.ActiveCfg = Release|Any CPU
		{B91397E0-DC32-4F79-BFB5-EFD884933CA4}.Release|Any CPU.Build.0 = Release|Any CPU
	EndGlobalSection
	GlobalSection(SolutionProperties) = preSolution
		HideSolutionNode = FALSE
	EndGlobalSection
	GlobalSection(ExtensibilityGlobals) = postSolution
		SolutionGuid = {EB9ABE95-3E37-4401-983C-DD302412868B}
	EndGlobalSection
EndGlobal
